// !$*UTF8*$!
{
	archiveVersion = 1;
	classes = {
	};
	objectVersion = 77;
	objects = {

/* Begin PBXBuildFile section */
		2B730A992CF24BEB007DCC8D /* FirebaseAnalytics in Frameworks */ = {isa = PBXBuildFile; productRef = 2B730A982CF24BEB007DCC8D /* FirebaseAnalytics */; };
		2B730A9B2CF24BEB007DCC8D /* FirebaseAnalyticsOnDeviceConversion in Frameworks */ = {isa = PBXBuildFile; productRef = 2B730A9A2CF24BEB007DCC8D /* FirebaseAnalyticsOnDeviceConversion */; };
		2B730A9D2CF24BEB007DCC8D /* FirebaseAnalyticsWithoutAdIdSupport in Frameworks */ = {isa = PBXBuildFile; productRef = 2B730A9C2CF24BEB007DCC8D /* FirebaseAnalyticsWithoutAdIdSupport */; };
		2B730A9F2CF24BEB007DCC8D /* FirebaseAuth in Frameworks */ = {isa = PBXBuildFile; productRef = 2B730A9E2CF24BEB007DCC8D /* FirebaseAuth */; };
		2B730AA12CF24BEB007DCC8D /* FirebaseAuthCombine-Community in Frameworks */ = {isa = PBXBuildFile; productRef = 2B730AA02CF24BEB007DCC8D /* FirebaseAuthCombine-Community */; };
		2B730AA32CF24BEB007DCC8D /* FirebaseCore in Frameworks */ = {isa = PBXBuildFile; productRef = 2B730AA22CF24BEB007DCC8D /* FirebaseCore */; };
		2B730AA52CF24BEB007DCC8D /* FirebaseDatabase in Frameworks */ = {isa = PBXBuildFile; productRef = 2B730AA42CF24BEB007DCC8D /* FirebaseDatabase */; };
		2B730AD02CF24DC0007DCC8D /* FirebaseAppCheck in Frameworks */ = {isa = PBXBuildFile; productRef = 2B730ACF2CF24DC0007DCC8D /* FirebaseAppCheck */; };
		2B730AD22CF24DC0007DCC8D /* FirebaseAppDistribution-Beta in Frameworks */ = {isa = PBXBuildFile; productRef = 2B730AD12CF24DC0007DCC8D /* FirebaseAppDistribution-Beta */; };
		2B730AD42CF24DC0007DCC8D /* FirebaseDynamicLinks in Frameworks */ = {isa = PBXBuildFile; productRef = 2B730AD32CF24DC0007DCC8D /* FirebaseDynamicLinks */; };
		2B730AD62CF24DC0007DCC8D /* FirebaseFirestore in Frameworks */ = {isa = PBXBuildFile; productRef = 2B730AD52CF24DC0007DCC8D /* FirebaseFirestore */; };
		2B730AD82CF24DC0007DCC8D /* FirebaseFirestoreCombine-Community in Frameworks */ = {isa = PBXBuildFile; productRef = 2B730AD72CF24DC0007DCC8D /* FirebaseFirestoreCombine-Community */; };
/* End PBXBuildFile section */

/* Begin PBXFileReference section */
		2B730A862CF24B05007DCC8D /* iBrush.app */ = {isa = PBXFileReference; explicitFileType = wrapper.application; includeInIndex = 0; path = iBrush.app; sourceTree = BUILT_PRODUCTS_DIR; };
/* End PBXFileReference section */

/* Begin PBXFileSystemSynchronizedRootGroup section */
		2B730A882CF24B05007DCC8D /* iBrush */ = {
			isa = PBXFileSystemSynchronizedRootGroup;
			path = iBrush;
			sourceTree = "<group>";
		};
/* End PBXFileSystemSynchronizedRootGroup section */

/* Begin PBXFrameworksBuildPhase section */
		2B730A832CF24B05007DCC8D /* Frameworks */ = {
			isa = PBXFrameworksBuildPhase;
			buildActionMask = 2147483647;
			files = (
				2B730AD02CF24DC0007DCC8D /* FirebaseAppCheck in Frameworks */,
				2B730A992CF24BEB007DCC8D /* FirebaseAnalytics in Frameworks */,
				2B730A9D2CF24BEB007DCC8D /* FirebaseAnalyticsWithoutAdIdSupport in Frameworks */,
				2B730A9B2CF24BEB007DCC8D /* FirebaseAnalyticsOnDeviceConversion in Frameworks */,
				2B730A9F2CF24BEB007DCC8D /* FirebaseAuth in Frameworks */,
				2B730AA32CF24BEB007DCC8D /* FirebaseCore in Frameworks */,
				2B730AA52CF24BEB007DCC8D /* FirebaseDatabase in Frameworks */,
				2B730AA12CF24BEB007DCC8D /* FirebaseAuthCombine-Community in Frameworks */,
				2B730AD22CF24DC0007DCC8D /* FirebaseAppDistribution-Beta in Frameworks */,
				2B730AD82CF24DC0007DCC8D /* FirebaseFirestoreCombine-Community in Frameworks */,
				2B730AD62CF24DC0007DCC8D /* FirebaseFirestore in Frameworks */,
				2B730AD42CF24DC0007DCC8D /* FirebaseDynamicLinks in Frameworks */,
			);
			runOnlyForDeploymentPostprocessing = 0;
		};
/* End PBXFrameworksBuildPhase section */

/* Begin PBXGroup section */
		2B730A7D2CF24B04007DCC8D = {
			isa = PBXGroup;
			children = (
				2B730A882CF24B05007DCC8D /* iBrush */,
				2B730A872CF24B05007DCC8D /* Products */,
			);
			sourceTree = "<group>";
		};
		2B730A872CF24B05007DCC8D /* Products */ = {
			isa = PBXGroup;
			children = (
				2B730A862CF24B05007DCC8D /* iBrush.app */,
			);
			name = Products;
			sourceTree = "<group>";
		};
/* End PBXGroup section */

/* Begin PBXNativeTarget section */
		2B730A852CF24B05007DCC8D /* iBrush */ = {
			isa = PBXNativeTarget;
			buildConfigurationList = 2B730A942CF24B06007DCC8D /* Build configuration list for PBXNativeTarget "iBrush" */;
			buildPhases = (
				2B730A822CF24B05007DCC8D /* Sources */,
				2B730A832CF24B05007DCC8D /* Frameworks */,
				2B730A842CF24B05007DCC8D /* Resources */,
			);
			buildRules = (
			);
			dependencies = (
			);
			fileSystemSynchronizedGroups = (
				2B730A882CF24B05007DCC8D /* iBrush */,
			);
			name = iBrush;
			packageProductDependencies = (
				2B730A982CF24BEB007DCC8D /* FirebaseAnalytics */,
				2B730A9A2CF24BEB007DCC8D /* FirebaseAnalyticsOnDeviceConversion */,
				2B730A9C2CF24BEB007DCC8D /* FirebaseAnalyticsWithoutAdIdSupport */,
				2B730A9E2CF24BEB007DCC8D /* FirebaseAuth */,
				2B730AA02CF24BEB007DCC8D /* FirebaseAuthCombine-Community */,
				2B730AA22CF24BEB007DCC8D /* FirebaseCore */,
				2B730AA42CF24BEB007DCC8D /* FirebaseDatabase */,
				2B730ACF2CF24DC0007DCC8D /* FirebaseAppCheck */,
				2B730AD12CF24DC0007DCC8D /* FirebaseAppDistribution-Beta */,
				2B730AD32CF24DC0007DCC8D /* FirebaseDynamicLinks */,
				2B730AD52CF24DC0007DCC8D /* FirebaseFirestore */,
				2B730AD72CF24DC0007DCC8D /* FirebaseFirestoreCombine-Community */,
			);
			productName = iBrush;
			productReference = 2B730A862CF24B05007DCC8D /* iBrush.app */;
			productType = "com.apple.product-type.application";
		};
/* End PBXNativeTarget section */

/* Begin PBXProject section */
		2B730A7E2CF24B04007DCC8D /* Project object */ = {
			isa = PBXProject;
			attributes = {
				BuildIndependentTargetsInParallel = 1;
				LastSwiftUpdateCheck = 1610;
				LastUpgradeCheck = 1610;
				TargetAttributes = {
					2B730A852CF24B05007DCC8D = {
						CreatedOnToolsVersion = 16.1;
					};
				};
			};
			buildConfigurationList = 2B730A812CF24B05007DCC8D /* Build configuration list for PBXProject "iBrush" */;
			developmentRegion = en;
			hasScannedForEncodings = 0;
			knownRegions = (
				en,
				Base,
			);
			mainGroup = 2B730A7D2CF24B04007DCC8D;
			minimizedProjectReferenceProxies = 1;
			packageReferences = (
				2B730A972CF24BEB007DCC8D /* XCRemoteSwiftPackageReference "firebase-ios-sdk" */,
			);
			preferredProjectObjectVersion = 77;
			productRefGroup = 2B730A872CF24B05007DCC8D /* Products */;
			projectDirPath = "";
			projectRoot = "";
			targets = (
				2B730A852CF24B05007DCC8D /* iBrush */,
			);
		};
/* End PBXProject section */

/* Begin PBXResourcesBuildPhase section */
		2B730A842CF24B05007DCC8D /* Resources */ = {
			isa = PBXResourcesBuildPhase;
			buildActionMask = 2147483647;
			files = (
			);
			runOnlyForDeploymentPostprocessing = 0;
		};
/* End PBXResourcesBuildPhase section */

/* Begin PBXSourcesBuildPhase section */
		2B730A822CF24B05007DCC8D /* Sources */ = {
			isa = PBXSourcesBuildPhase;
			buildActionMask = 2147483647;
			files = (
			);
			runOnlyForDeploymentPostprocessing = 0;
		};
/* End PBXSourcesBuildPhase section */

/* Begin XCBuildConfiguration section */
		2B730A922CF24B06007DCC8D /* Debug */ = {
			isa = XCBuildConfiguration;
			buildSettings = {
				ALWAYS_SEARCH_USER_PATHS = NO;
				ASSETCATALOG_COMPILER_GENERATE_SWIFT_ASSET_SYMBOL_EXTENSIONS = YES;
				CLANG_ANALYZER_NONNULL = YES;
				CLANG_ANALYZER_NUMBER_OBJECT_CONVERSION = YES_AGGRESSIVE;
				CLANG_CXX_LANGUAGE_STANDARD = "gnu++20";
				CLANG_ENABLE_MODULES = YES;
				CLANG_ENABLE_OBJC_ARC = YES;
				CLANG_ENABLE_OBJC_WEAK = YES;
				CLANG_WARN_BLOCK_CAPTURE_AUTORELEASING = YES;
				CLANG_WARN_BOOL_CONVERSION = YES;
				CLANG_WARN_COMMA = YES;
				CLANG_WARN_CONSTANT_CONVERSION = YES;
				CLANG_WARN_DEPRECATED_OBJC_IMPLEMENTATIONS = YES;
				CLANG_WARN_DIRECT_OBJC_ISA_USAGE = YES_ERROR;
				CLANG_WARN_DOCUMENTATION_COMMENTS = YES;
				CLANG_WARN_EMPTY_BODY = YES;
				CLANG_WARN_ENUM_CONVERSION = YES;
				CLANG_WARN_INFINITE_RECURSION = YES;
				CLANG_WARN_INT_CONVERSION = YES;
				CLANG_WARN_NON_LITERAL_NULL_CONVERSION = YES;
				CLANG_WARN_OBJC_IMPLICIT_RETAIN_SELF = YES;
				CLANG_WARN_OBJC_LITERAL_CONVERSION = YES;
				CLANG_WARN_OBJC_ROOT_CLASS = YES_ERROR;
				CLANG_WARN_QUOTED_INCLUDE_IN_FRAMEWORK_HEADER = YES;
				CLANG_WARN_RANGE_LOOP_ANALYSIS = YES;
				CLANG_WARN_STRICT_PROTOTYPES = YES;
				CLANG_WARN_SUSPICIOUS_MOVE = YES;
				CLANG_WARN_UNGUARDED_AVAILABILITY = YES_AGGRESSIVE;
				CLANG_WARN_UNREACHABLE_CODE = YES;
				CLANG_WARN__DUPLICATE_METHOD_MATCH = YES;
				COPY_PHASE_STRIP = NO;
				DEBUG_INFORMATION_FORMAT = dwarf;
				ENABLE_STRICT_OBJC_MSGSEND = YES;
				ENABLE_TESTABILITY = YES;
				ENABLE_USER_SCRIPT_SANDBOXING = YES;
				GCC_C_LANGUAGE_STANDARD = gnu17;
				GCC_DYNAMIC_NO_PIC = NO;
				GCC_NO_COMMON_BLOCKS = YES;
				GCC_OPTIMIZATION_LEVEL = 0;
				GCC_PREPROCESSOR_DEFINITIONS = (
					"DEBUG=1",
					"$(inherited)",
				);
				GCC_WARN_64_TO_32_BIT_CONVERSION = YES;
				GCC_WARN_ABOUT_RETURN_TYPE = YES_ERROR;
				GCC_WARN_UNDECLARED_SELECTOR = YES;
				GCC_WARN_UNINITIALIZED_AUTOS = YES_AGGRESSIVE;
				GCC_WARN_UNUSED_FUNCTION = YES;
				GCC_WARN_UNUSED_VARIABLE = YES;
				IPHONEOS_DEPLOYMENT_TARGET = 18.1;
				LOCALIZATION_PREFERS_STRING_CATALOGS = YES;
				MTL_ENABLE_DEBUG_INFO = INCLUDE_SOURCE;
				MTL_FAST_MATH = YES;
				ONLY_ACTIVE_ARCH = YES;
				SDKROOT = iphoneos;
				SWIFT_ACTIVE_COMPILATION_CONDITIONS = "DEBUG $(inherited)";
				SWIFT_OPTIMIZATION_LEVEL = "-Onone";
			};
			name = Debug;
		};
		2B730A932CF24B06007DCC8D /* Release */ = {
			isa = XCBuildConfiguration;
			buildSettings = {
				ALWAYS_SEARCH_USER_PATHS = NO;
				ASSETCATALOG_COMPILER_GENERATE_SWIFT_ASSET_SYMBOL_EXTENSIONS = YES;
				CLANG_ANALYZER_NONNULL = YES;
				CLANG_ANALYZER_NUMBER_OBJECT_CONVERSION = YES_AGGRESSIVE;
				CLANG_CXX_LANGUAGE_STANDARD = "gnu++20";
				CLANG_ENABLE_MODULES = YES;
				CLANG_ENABLE_OBJC_ARC = YES;
				CLANG_ENABLE_OBJC_WEAK = YES;
				CLANG_WARN_BLOCK_CAPTURE_AUTORELEASING = YES;
				CLANG_WARN_BOOL_CONVERSION = YES;
				CLANG_WARN_COMMA = YES;
				CLANG_WARN_CONSTANT_CONVERSION = YES;
				CLANG_WARN_DEPRECATED_OBJC_IMPLEMENTATIONS = YES;
				CLANG_WARN_DIRECT_OBJC_ISA_USAGE = YES_ERROR;
				CLANG_WARN_DOCUMENTATION_COMMENTS = YES;
				CLANG_WARN_EMPTY_BODY = YES;
				CLANG_WARN_ENUM_CONVERSION = YES;
				CLANG_WARN_INFINITE_RECURSION = YES;
				CLANG_WARN_INT_CONVERSION = YES;
				CLANG_WARN_NON_LITERAL_NULL_CONVERSION = YES;
				CLANG_WARN_OBJC_IMPLICIT_RETAIN_SELF = YES;
				CLANG_WARN_OBJC_LITERAL_CONVERSION = YES;
				CLANG_WARN_OBJC_ROOT_CLASS = YES_ERROR;
				CLANG_WARN_QUOTED_INCLUDE_IN_FRAMEWORK_HEADER = YES;
				CLANG_WARN_RANGE_LOOP_ANALYSIS = YES;
				CLANG_WARN_STRICT_PROTOTYPES = YES;
				CLANG_WARN_SUSPICIOUS_MOVE = YES;
				CLANG_WARN_UNGUARDED_AVAILABILITY = YES_AGGRESSIVE;
				CLANG_WARN_UNREACHABLE_CODE = YES;
				CLANG_WARN__DUPLICATE_METHOD_MATCH = YES;
				COPY_PHASE_STRIP = NO;
				DEBUG_INFORMATION_FORMAT = "dwarf-with-dsym";
				ENABLE_NS_ASSERTIONS = NO;
				ENABLE_STRICT_OBJC_MSGSEND = YES;
				ENABLE_USER_SCRIPT_SANDBOXING = YES;
				GCC_C_LANGUAGE_STANDARD = gnu17;
				GCC_NO_COMMON_BLOCKS = YES;
				GCC_WARN_64_TO_32_BIT_CONVERSION = YES;
				GCC_WARN_ABOUT_RETURN_TYPE = YES_ERROR;
				GCC_WARN_UNDECLARED_SELECTOR = YES;
				GCC_WARN_UNINITIALIZED_AUTOS = YES_AGGRESSIVE;
				GCC_WARN_UNUSED_FUNCTION = YES;
				GCC_WARN_UNUSED_VARIABLE = YES;
				IPHONEOS_DEPLOYMENT_TARGET = 18.1;
				LOCALIZATION_PREFERS_STRING_CATALOGS = YES;
				MTL_ENABLE_DEBUG_INFO = NO;
				MTL_FAST_MATH = YES;
				SDKROOT = iphoneos;
				SWIFT_COMPILATION_MODE = wholemodule;
				VALIDATE_PRODUCT = YES;
			};
			name = Release;
		};
		2B730A952CF24B06007DCC8D /* Debug */ = {
			isa = XCBuildConfiguration;
			buildSettings = {
				ASSETCATALOG_COMPILER_APPICON_NAME = AppIcon;
				ASSETCATALOG_COMPILER_GLOBAL_ACCENT_COLOR_NAME = AccentColor;
				CODE_SIGN_STYLE = Automatic;
				CURRENT_PROJECT_VERSION = 1;
				DEVELOPMENT_ASSET_PATHS = "\"iBrush/Preview Content\"";
				DEVELOPMENT_TEAM = 9N245B334X;
				ENABLE_PREVIEWS = YES;
				GENERATE_INFOPLIST_FILE = YES;
				INFOPLIST_KEY_UIApplicationSceneManifest_Generation = YES;
				INFOPLIST_KEY_UIApplicationSupportsIndirectInputEvents = YES;
				INFOPLIST_KEY_UILaunchScreen_Generation = YES;
				INFOPLIST_KEY_UISupportedInterfaceOrientations_iPad = "UIInterfaceOrientationPortrait UIInterfaceOrientationPortraitUpsideDown UIInterfaceOrientationLandscapeLeft UIInterfaceOrientationLandscapeRight";
				INFOPLIST_KEY_UISupportedInterfaceOrientations_iPhone = "UIInterfaceOrientationPortrait UIInterfaceOrientationLandscapeLeft UIInterfaceOrientationLandscapeRight";
				IPHONEOS_DEPLOYMENT_TARGET = 18.1;
				LD_RUNPATH_SEARCH_PATHS = (
					"$(inherited)",
					"@executable_path/Frameworks",
				);
				MARKETING_VERSION = 1.0;
				PRODUCT_BUNDLE_IDENTIFIER = com.seymenelmas.iBrush;
				PRODUCT_NAME = "$(TARGET_NAME)";
				SWIFT_EMIT_LOC_STRINGS = YES;
				SWIFT_VERSION = 5.0;
				TARGETED_DEVICE_FAMILY = "1,2";
			};
			name = Debug;
		};
		2B730A962CF24B06007DCC8D /* Release */ = {
			isa = XCBuildConfiguration;
			buildSettings = {
				ASSETCATALOG_COMPILER_APPICON_NAME = AppIcon;
				ASSETCATALOG_COMPILER_GLOBAL_ACCENT_COLOR_NAME = AccentColor;
				CODE_SIGN_STYLE = Automatic;
				CURRENT_PROJECT_VERSION = 1;
				DEVELOPMENT_ASSET_PATHS = "\"iBrush/Preview Content\"";
				DEVELOPMENT_TEAM = 9N245B334X;
				ENABLE_PREVIEWS = YES;
				GENERATE_INFOPLIST_FILE = YES;
				INFOPLIST_KEY_UIApplicationSceneManifest_Generation = YES;
				INFOPLIST_KEY_UIApplicationSupportsIndirectInputEvents = YES;
				INFOPLIST_KEY_UILaunchScreen_Generation = YES;
				INFOPLIST_KEY_UISupportedInterfaceOrientations_iPad = "UIInterfaceOrientationPortrait UIInterfaceOrientationPortraitUpsideDown UIInterfaceOrientationLandscapeLeft UIInterfaceOrientationLandscapeRight";
				INFOPLIST_KEY_UISupportedInterfaceOrientations_iPhone = "UIInterfaceOrientationPortrait UIInterfaceOrientationLandscapeLeft UIInterfaceOrientationLandscapeRight";
				IPHONEOS_DEPLOYMENT_TARGET = 18.1;
				LD_RUNPATH_SEARCH_PATHS = (
					"$(inherited)",
					"@executable_path/Frameworks",
				);
				MARKETING_VERSION = 1.0;
				PRODUCT_BUNDLE_IDENTIFIER = com.seymenelmas.iBrush;
				PRODUCT_NAME = "$(TARGET_NAME)";
				SWIFT_EMIT_LOC_STRINGS = YES;
				SWIFT_VERSION = 5.0;
				TARGETED_DEVICE_FAMILY = "1,2";
			};
			name = Release;
		};
/* End XCBuildConfiguration section */

/* Begin XCConfigurationList section */
		2B730A812CF24B05007DCC8D /* Build configuration list for PBXProject "iBrush" */ = {
			isa = XCConfigurationList;
			buildConfigurations = (
				2B730A922CF24B06007DCC8D /* Debug */,
				2B730A932CF24B06007DCC8D /* Release */,
			);
			defaultConfigurationIsVisible = 0;
			defaultConfigurationName = Release;
		};
		2B730A942CF24B06007DCC8D /* Build configuration list for PBXNativeTarget "iBrush" */ = {
			isa = XCConfigurationList;
			buildConfigurations = (
				2B730A952CF24B06007DCC8D /* Debug */,
				2B730A962CF24B06007DCC8D /* Release */,
			);
			defaultConfigurationIsVisible = 0;
			defaultConfigurationName = Release;
		};
/* End XCConfigurationList section */

/* Begin XCRemoteSwiftPackageReference section */
		2B730A972CF24BEB007DCC8D /* XCRemoteSwiftPackageReference "firebase-ios-sdk" */ = {
			isa = XCRemoteSwiftPackageReference;
			repositoryURL = "https://github.com/firebase/firebase-ios-sdk.git";
			requirement = {
				kind = upToNextMajorVersion;
				minimumVersion = 11.5.0;
			};
		};
/* End XCRemoteSwiftPackageReference section */

/* Begin XCSwiftPackageProductDependency section */
		2B730A982CF24BEB007DCC8D /* FirebaseAnalytics */ = {
			isa = XCSwiftPackageProductDependency;
			package = 2B730A972CF24BEB007DCC8D /* XCRemoteSwiftPackageReference "firebase-ios-sdk" */;
			productName = FirebaseAnalytics;
		};
		2B730A9A2CF24BEB007DCC8D /* FirebaseAnalyticsOnDeviceConversion */ = {
			isa = XCSwiftPackageProductDependency;
			package = 2B730A972CF24BEB007DCC8D /* XCRemoteSwiftPackageReference "firebase-ios-sdk" */;
			productName = FirebaseAnalyticsOnDeviceConversion;
		};
		2B730A9C2CF24BEB007DCC8D /* FirebaseAnalyticsWithoutAdIdSupport */ = {
			isa = XCSwiftPackageProductDependency;
			package = 2B730A972CF24BEB007DCC8D /* XCRemoteSwiftPackageReference "firebase-ios-sdk" */;
			productName = FirebaseAnalyticsWithoutAdIdSupport;
		};
		2B730A9E2CF24BEB007DCC8D /* FirebaseAuth */ = {
			isa = XCSwiftPackageProductDependency;
			package = 2B730A972CF24BEB007DCC8D /* XCRemoteSwiftPackageReference "firebase-ios-sdk" */;
			productName = FirebaseAuth;
		};
		2B730AA02CF24BEB007DCC8D /* FirebaseAuthCombine-Community */ = {
			isa = XCSwiftPackageProductDependency;
			package = 2B730A972CF24BEB007DCC8D /* XCRemoteSwiftPackageReference "firebase-ios-sdk" */;
			productName = "FirebaseAuthCombine-Community";
		};
		2B730AA22CF24BEB007DCC8D /* FirebaseCore */ = {
			isa = XCSwiftPackageProductDependency;
			package = 2B730A972CF24BEB007DCC8D /* XCRemoteSwiftPackageReference "firebase-ios-sdk" */;
			productName = FirebaseCore;
		};
		2B730AA42CF24BEB007DCC8D /* FirebaseDatabase */ = {
			isa = XCSwiftPackageProductDependency;
			package = 2B730A972CF24BEB007DCC8D /* XCRemoteSwiftPackageReference "firebase-ios-sdk" */;
			productName = FirebaseDatabase;
		};
		2B730ACF2CF24DC0007DCC8D /* FirebaseAppCheck */ = {
			isa = XCSwiftPackageProductDependency;
			package = 2B730A972CF24BEB007DCC8D /* XCRemoteSwiftPackageReference "firebase-ios-sdk" */;
			productName = FirebaseAppCheck;
		};
		2B730AD12CF24DC0007DCC8D /* FirebaseAppDistribution-Beta */ = {
			isa = XCSwiftPackageProductDependency;
			package = 2B730A972CF24BEB007DCC8D /* XCRemoteSwiftPackageReference "firebase-ios-sdk" */;
			productName = "FirebaseAppDistribution-Beta";
		};
		2B730AD32CF24DC0007DCC8D /* FirebaseDynamicLinks */ = {
			isa = XCSwiftPackageProductDependency;
			package = 2B730A972CF24BEB007DCC8D /* XCRemoteSwiftPackageReference "firebase-ios-sdk" */;
			productName = FirebaseDynamicLinks;
		};
		2B730AD52CF24DC0007DCC8D /* FirebaseFirestore */ = {
			isa = XCSwiftPackageProductDependency;
			package = 2B730A972CF24BEB007DCC8D /* XCRemoteSwiftPackageReference "firebase-ios-sdk" */;
			productName = FirebaseFirestore;
		};
		2B730AD72CF24DC0007DCC8D /* FirebaseFirestoreCombine-Community */ = {
			isa = XCSwiftPackageProductDependency;
			package = 2B730A972CF24BEB007DCC8D /* XCRemoteSwiftPackageReference "firebase-ios-sdk" */;
			productName = "FirebaseFirestoreCombine-Community";
		};
/* End XCSwiftPackageProductDependency section */
	};
	rootObject = 2B730A7E2CF24B04007DCC8D /* Project object */;
}
