// !$*UTF8*$!
{
	archiveVersion = 1;
	classes = {
	};
	objectVersion = 77;
	objects = {

/* Begin PBXBuildFile section */
		2BEF53A82CCFB16A009C7BB0 /* FirebaseAnalytics in Frameworks */ = {isa = PBXBuildFile; productRef = 2BEF53A72CCFB16A009C7BB0 /* FirebaseAnalytics */; };
		2BEF53AA2CCFB16A009C7BB0 /* FirebaseAnalyticsOnDeviceConversion in Frameworks */ = {isa = PBXBuildFile; productRef = 2BEF53A92CCFB16A009C7BB0 /* FirebaseAnalyticsOnDeviceConversion */; };
		2BEF53AC2CCFB16A009C7BB0 /* FirebaseAnalyticsWithoutAdIdSupport in Frameworks */ = {isa = PBXBuildFile; productRef = 2BEF53AB2CCFB16A009C7BB0 /* FirebaseAnalyticsWithoutAdIdSupport */; };
		2BEF53AE2CCFB16A009C7BB0 /* FirebaseAppCheck in Frameworks */ = {isa = PBXBuildFile; productRef = 2BEF53AD2CCFB16A009C7BB0 /* FirebaseAppCheck */; };
		2BEF53B02CCFB16A009C7BB0 /* FirebaseAppDistribution-Beta in Frameworks */ = {isa = PBXBuildFile; productRef = 2BEF53AF2CCFB16A009C7BB0 /* FirebaseAppDistribution-Beta */; };
		2BEF53B22CCFB16A009C7BB0 /* FirebaseAuth in Frameworks */ = {isa = PBXBuildFile; productRef = 2BEF53B12CCFB16A009C7BB0 /* FirebaseAuth */; };
		2BEF53B42CCFB16A009C7BB0 /* FirebaseAuthCombine-Community in Frameworks */ = {isa = PBXBuildFile; productRef = 2BEF53B32CCFB16A009C7BB0 /* FirebaseAuthCombine-Community */; };
		2BEF53B62CCFB16A009C7BB0 /* FirebaseCore in Frameworks */ = {isa = PBXBuildFile; productRef = 2BEF53B52CCFB16A009C7BB0 /* FirebaseCore */; };
		2BEF53B82CCFB16A009C7BB0 /* FirebaseCrashlytics in Frameworks */ = {isa = PBXBuildFile; productRef = 2BEF53B72CCFB16A009C7BB0 /* FirebaseCrashlytics */; };
		2BEF53BA2CCFB16A009C7BB0 /* FirebaseDatabase in Frameworks */ = {isa = PBXBuildFile; productRef = 2BEF53B92CCFB16A009C7BB0 /* FirebaseDatabase */; };
		2BEF53BC2CCFB16A009C7BB0 /* FirebaseDynamicLinks in Frameworks */ = {isa = PBXBuildFile; productRef = 2BEF53BB2CCFB16A009C7BB0 /* FirebaseDynamicLinks */; };
		2BEF53BE2CCFB16A009C7BB0 /* FirebaseFirestore in Frameworks */ = {isa = PBXBuildFile; productRef = 2BEF53BD2CCFB16A009C7BB0 /* FirebaseFirestore */; };
		2BEF53C02CCFB16A009C7BB0 /* FirebaseFirestoreCombine-Community in Frameworks */ = {isa = PBXBuildFile; productRef = 2BEF53BF2CCFB16A009C7BB0 /* FirebaseFirestoreCombine-Community */; };
		2BEF53C22CCFB16A009C7BB0 /* FirebaseFunctions in Frameworks */ = {isa = PBXBuildFile; productRef = 2BEF53C12CCFB16A009C7BB0 /* FirebaseFunctions */; };
		2BEF53C42CCFB16A009C7BB0 /* FirebaseFunctionsCombine-Community in Frameworks */ = {isa = PBXBuildFile; productRef = 2BEF53C32CCFB16A009C7BB0 /* FirebaseFunctionsCombine-Community */; };
		2BEF53C62CCFB16A009C7BB0 /* FirebaseInAppMessaging-Beta in Frameworks */ = {isa = PBXBuildFile; productRef = 2BEF53C52CCFB16A009C7BB0 /* FirebaseInAppMessaging-Beta */; };
		2BEF53C82CCFB16A009C7BB0 /* FirebaseInstallations in Frameworks */ = {isa = PBXBuildFile; productRef = 2BEF53C72CCFB16A009C7BB0 /* FirebaseInstallations */; };
/* End PBXBuildFile section */

/* Begin PBXFileReference section */
		2BEF53852CC8DEA5009C7BB0 /* ThoothBrushing.app */ = {isa = PBXFileReference; explicitFileType = wrapper.application; includeInIndex = 0; path = ThoothBrushing.app; sourceTree = BUILT_PRODUCTS_DIR; };
/* End PBXFileReference section */

/* Begin PBXFileSystemSynchronizedRootGroup section */
		2BEF53872CC8DEA5009C7BB0 /* ThoothBrushing */ = {
			isa = PBXFileSystemSynchronizedRootGroup;
			path = ThoothBrushing;
			sourceTree = "<group>";
		};
/* End PBXFileSystemSynchronizedRootGroup section */

/* Begin PBXFrameworksBuildPhase section */
		2BEF53822CC8DEA5009C7BB0 /* Frameworks */ = {
			isa = PBXFrameworksBuildPhase;
			buildActionMask = 2147483647;
			files = (
				2BEF53C02CCFB16A009C7BB0 /* FirebaseFirestoreCombine-Community in Frameworks */,
				2BEF53C22CCFB16A009C7BB0 /* FirebaseFunctions in Frameworks */,
				2BEF53BA2CCFB16A009C7BB0 /* FirebaseDatabase in Frameworks */,
				2BEF53BC2CCFB16A009C7BB0 /* FirebaseDynamicLinks in Frameworks */,
				2BEF53AE2CCFB16A009C7BB0 /* FirebaseAppCheck in Frameworks */,
				2BEF53B22CCFB16A009C7BB0 /* FirebaseAuth in Frameworks */,
				2BEF53A82CCFB16A009C7BB0 /* FirebaseAnalytics in Frameworks */,
				2BEF53BE2CCFB16A009C7BB0 /* FirebaseFirestore in Frameworks */,
				2BEF53C82CCFB16A009C7BB0 /* FirebaseInstallations in Frameworks */,
				2BEF53C42CCFB16A009C7BB0 /* FirebaseFunctionsCombine-Community in Frameworks */,
				2BEF53B02CCFB16A009C7BB0 /* FirebaseAppDistribution-Beta in Frameworks */,
				2BEF53AC2CCFB16A009C7BB0 /* FirebaseAnalyticsWithoutAdIdSupport in Frameworks */,
				2BEF53C62CCFB16A009C7BB0 /* FirebaseInAppMessaging-Beta in Frameworks */,
				2BEF53B42CCFB16A009C7BB0 /* FirebaseAuthCombine-Community in Frameworks */,
				2BEF53B82CCFB16A009C7BB0 /* FirebaseCrashlytics in Frameworks */,
				2BEF53B62CCFB16A009C7BB0 /* FirebaseCore in Frameworks */,
				2BEF53AA2CCFB16A009C7BB0 /* FirebaseAnalyticsOnDeviceConversion in Frameworks */,
			);
			runOnlyForDeploymentPostprocessing = 0;
		};
/* End PBXFrameworksBuildPhase section */

/* Begin PBXGroup section */
		2BEF537C2CC8DEA5009C7BB0 = {
			isa = PBXGroup;
			children = (
				2BEF53872CC8DEA5009C7BB0 /* ThoothBrushing */,
				2BEF53862CC8DEA5009C7BB0 /* Products */,
			);
			sourceTree = "<group>";
		};
		2BEF53862CC8DEA5009C7BB0 /* Products */ = {
			isa = PBXGroup;
			children = (
				2BEF53852CC8DEA5009C7BB0 /* ThoothBrushing.app */,
			);
			name = Products;
			sourceTree = "<group>";
		};
/* End PBXGroup section */

/* Begin PBXNativeTarget section */
		2BEF53842CC8DEA5009C7BB0 /* ThoothBrushing */ = {
			isa = PBXNativeTarget;
			buildConfigurationList = 2BEF53932CC8DEA7009C7BB0 /* Build configuration list for PBXNativeTarget "ThoothBrushing" */;
			buildPhases = (
				2BEF53812CC8DEA5009C7BB0 /* Sources */,
				2BEF53822CC8DEA5009C7BB0 /* Frameworks */,
				2BEF53832CC8DEA5009C7BB0 /* Resources */,
			);
			buildRules = (
			);
			dependencies = (
			);
			fileSystemSynchronizedGroups = (
				2BEF53872CC8DEA5009C7BB0 /* ThoothBrushing */,
			);
			name = ThoothBrushing;
			packageProductDependencies = (
				2BEF53A72CCFB16A009C7BB0 /* FirebaseAnalytics */,
				2BEF53A92CCFB16A009C7BB0 /* FirebaseAnalyticsOnDeviceConversion */,
				2BEF53AB2CCFB16A009C7BB0 /* FirebaseAnalyticsWithoutAdIdSupport */,
				2BEF53AD2CCFB16A009C7BB0 /* FirebaseAppCheck */,
				2BEF53AF2CCFB16A009C7BB0 /* FirebaseAppDistribution-Beta */,
				2BEF53B12CCFB16A009C7BB0 /* FirebaseAuth */,
				2BEF53B32CCFB16A009C7BB0 /* FirebaseAuthCombine-Community */,
				2BEF53B52CCFB16A009C7BB0 /* FirebaseCore */,
				2BEF53B72CCFB16A009C7BB0 /* FirebaseCrashlytics */,
				2BEF53B92CCFB16A009C7BB0 /* FirebaseDatabase */,
				2BEF53BB2CCFB16A009C7BB0 /* FirebaseDynamicLinks */,
				2BEF53BD2CCFB16A009C7BB0 /* FirebaseFirestore */,
				2BEF53BF2CCFB16A009C7BB0 /* FirebaseFirestoreCombine-Community */,
				2BEF53C12CCFB16A009C7BB0 /* FirebaseFunctions */,
				2BEF53C32CCFB16A009C7BB0 /* FirebaseFunctionsCombine-Community */,
				2BEF53C52CCFB16A009C7BB0 /* FirebaseInAppMessaging-Beta */,
				2BEF53C72CCFB16A009C7BB0 /* FirebaseInstallations */,
			);
			productName = ThoothBrushing;
			productReference = 2BEF53852CC8DEA5009C7BB0 /* ThoothBrushing.app */;
			productType = "com.apple.product-type.application";
		};
/* End PBXNativeTarget section */

/* Begin PBXProject section */
		2BEF537D2CC8DEA5009C7BB0 /* Project object */ = {
			isa = PBXProject;
			attributes = {
				BuildIndependentTargetsInParallel = 1;
				LastSwiftUpdateCheck = 1600;
				LastUpgradeCheck = 1600;
				TargetAttributes = {
					2BEF53842CC8DEA5009C7BB0 = {
						CreatedOnToolsVersion = 16.0;
					};
				};
			};
			buildConfigurationList = 2BEF53802CC8DEA5009C7BB0 /* Build configuration list for PBXProject "ThoothBrushing" */;
			developmentRegion = en;
			hasScannedForEncodings = 0;
			knownRegions = (
				en,
				Base,
			);
			mainGroup = 2BEF537C2CC8DEA5009C7BB0;
			minimizedProjectReferenceProxies = 1;
			packageReferences = (
				2BEF53A62CCFB16A009C7BB0 /* XCRemoteSwiftPackageReference "firebase-ios-sdk" */,
			);
			preferredProjectObjectVersion = 77;
			productRefGroup = 2BEF53862CC8DEA5009C7BB0 /* Products */;
			projectDirPath = "";
			projectRoot = "";
			targets = (
				2BEF53842CC8DEA5009C7BB0 /* ThoothBrushing */,
			);
		};
/* End PBXProject section */

/* Begin PBXResourcesBuildPhase section */
		2BEF53832CC8DEA5009C7BB0 /* Resources */ = {
			isa = PBXResourcesBuildPhase;
			buildActionMask = 2147483647;
			files = (
			);
			runOnlyForDeploymentPostprocessing = 0;
		};
/* End PBXResourcesBuildPhase section */

/* Begin PBXSourcesBuildPhase section */
		2BEF53812CC8DEA5009C7BB0 /* Sources */ = {
			isa = PBXSourcesBuildPhase;
			buildActionMask = 2147483647;
			files = (
			);
			runOnlyForDeploymentPostprocessing = 0;
		};
/* End PBXSourcesBuildPhase section */

/* Begin XCBuildConfiguration section */
		2BEF53912CC8DEA7009C7BB0 /* Debug */ = {
			isa = XCBuildConfiguration;
			buildSettings = {
				ALWAYS_SEARCH_USER_PATHS = NO;
				ASSETCATALOG_COMPILER_GENERATE_SWIFT_ASSET_SYMBOL_EXTENSIONS = YES;
				CLANG_ANALYZER_NONNULL = YES;
				CLANG_ANALYZER_NUMBER_OBJECT_CONVERSION = YES_AGGRESSIVE;
				CLANG_CXX_LANGUAGE_STANDARD = "gnu++20";
				CLANG_ENABLE_MODULES = YES;
				CLANG_ENABLE_OBJC_ARC = YES;
				CLANG_ENABLE_OBJC_WEAK = YES;
				CLANG_WARN_BLOCK_CAPTURE_AUTORELEASING = YES;
				CLANG_WARN_BOOL_CONVERSION = YES;
				CLANG_WARN_COMMA = YES;
				CLANG_WARN_CONSTANT_CONVERSION = YES;
				CLANG_WARN_DEPRECATED_OBJC_IMPLEMENTATIONS = YES;
				CLANG_WARN_DIRECT_OBJC_ISA_USAGE = YES_ERROR;
				CLANG_WARN_DOCUMENTATION_COMMENTS = YES;
				CLANG_WARN_EMPTY_BODY = YES;
				CLANG_WARN_ENUM_CONVERSION = YES;
				CLANG_WARN_INFINITE_RECURSION = YES;
				CLANG_WARN_INT_CONVERSION = YES;
				CLANG_WARN_NON_LITERAL_NULL_CONVERSION = YES;
				CLANG_WARN_OBJC_IMPLICIT_RETAIN_SELF = YES;
				CLANG_WARN_OBJC_LITERAL_CONVERSION = YES;
				CLANG_WARN_OBJC_ROOT_CLASS = YES_ERROR;
				CLANG_WARN_QUOTED_INCLUDE_IN_FRAMEWORK_HEADER = YES;
				CLANG_WARN_RANGE_LOOP_ANALYSIS = YES;
				CLANG_WARN_STRICT_PROTOTYPES = YES;
				CLANG_WARN_SUSPICIOUS_MOVE = YES;
				CLANG_WARN_UNGUARDED_AVAILABILITY = YES_AGGRESSIVE;
				CLANG_WARN_UNREACHABLE_CODE = YES;
				CLANG_WARN__DUPLICATE_METHOD_MATCH = YES;
				COPY_PHASE_STRIP = NO;
				DEBUG_INFORMATION_FORMAT = dwarf;
				ENABLE_STRICT_OBJC_MSGSEND = YES;
				ENABLE_TESTABILITY = YES;
				ENABLE_USER_SCRIPT_SANDBOXING = YES;
				GCC_C_LANGUAGE_STANDARD = gnu17;
				GCC_DYNAMIC_NO_PIC = NO;
				GCC_NO_COMMON_BLOCKS = YES;
				GCC_OPTIMIZATION_LEVEL = 0;
				GCC_PREPROCESSOR_DEFINITIONS = (
					"DEBUG=1",
					"$(inherited)",
				);
				GCC_WARN_64_TO_32_BIT_CONVERSION = YES;
				GCC_WARN_ABOUT_RETURN_TYPE = YES_ERROR;
				GCC_WARN_UNDECLARED_SELECTOR = YES;
				GCC_WARN_UNINITIALIZED_AUTOS = YES_AGGRESSIVE;
				GCC_WARN_UNUSED_FUNCTION = YES;
				GCC_WARN_UNUSED_VARIABLE = YES;
				IPHONEOS_DEPLOYMENT_TARGET = 18.0;
				LOCALIZATION_PREFERS_STRING_CATALOGS = YES;
				MTL_ENABLE_DEBUG_INFO = INCLUDE_SOURCE;
				MTL_FAST_MATH = YES;
				ONLY_ACTIVE_ARCH = YES;
				SDKROOT = iphoneos;
				SWIFT_ACTIVE_COMPILATION_CONDITIONS = "DEBUG $(inherited)";
				SWIFT_OPTIMIZATION_LEVEL = "-Onone";
			};
			name = Debug;
		};
		2BEF53922CC8DEA7009C7BB0 /* Release */ = {
			isa = XCBuildConfiguration;
			buildSettings = {
				ALWAYS_SEARCH_USER_PATHS = NO;
				ASSETCATALOG_COMPILER_GENERATE_SWIFT_ASSET_SYMBOL_EXTENSIONS = YES;
				CLANG_ANALYZER_NONNULL = YES;
				CLANG_ANALYZER_NUMBER_OBJECT_CONVERSION = YES_AGGRESSIVE;
				CLANG_CXX_LANGUAGE_STANDARD = "gnu++20";
				CLANG_ENABLE_MODULES = YES;
				CLANG_ENABLE_OBJC_ARC = YES;
				CLANG_ENABLE_OBJC_WEAK = YES;
				CLANG_WARN_BLOCK_CAPTURE_AUTORELEASING = YES;
				CLANG_WARN_BOOL_CONVERSION = YES;
				CLANG_WARN_COMMA = YES;
				CLANG_WARN_CONSTANT_CONVERSION = YES;
				CLANG_WARN_DEPRECATED_OBJC_IMPLEMENTATIONS = YES;
				CLANG_WARN_DIRECT_OBJC_ISA_USAGE = YES_ERROR;
				CLANG_WARN_DOCUMENTATION_COMMENTS = YES;
				CLANG_WARN_EMPTY_BODY = YES;
				CLANG_WARN_ENUM_CONVERSION = YES;
				CLANG_WARN_INFINITE_RECURSION = YES;
				CLANG_WARN_INT_CONVERSION = YES;
				CLANG_WARN_NON_LITERAL_NULL_CONVERSION = YES;
				CLANG_WARN_OBJC_IMPLICIT_RETAIN_SELF = YES;
				CLANG_WARN_OBJC_LITERAL_CONVERSION = YES;
				CLANG_WARN_OBJC_ROOT_CLASS = YES_ERROR;
				CLANG_WARN_QUOTED_INCLUDE_IN_FRAMEWORK_HEADER = YES;
				CLANG_WARN_RANGE_LOOP_ANALYSIS = YES;
				CLANG_WARN_STRICT_PROTOTYPES = YES;
				CLANG_WARN_SUSPICIOUS_MOVE = YES;
				CLANG_WARN_UNGUARDED_AVAILABILITY = YES_AGGRESSIVE;
				CLANG_WARN_UNREACHABLE_CODE = YES;
				CLANG_WARN__DUPLICATE_METHOD_MATCH = YES;
				COPY_PHASE_STRIP = NO;
				DEBUG_INFORMATION_FORMAT = "dwarf-with-dsym";
				ENABLE_NS_ASSERTIONS = NO;
				ENABLE_STRICT_OBJC_MSGSEND = YES;
				ENABLE_USER_SCRIPT_SANDBOXING = YES;
				GCC_C_LANGUAGE_STANDARD = gnu17;
				GCC_NO_COMMON_BLOCKS = YES;
				GCC_WARN_64_TO_32_BIT_CONVERSION = YES;
				GCC_WARN_ABOUT_RETURN_TYPE = YES_ERROR;
				GCC_WARN_UNDECLARED_SELECTOR = YES;
				GCC_WARN_UNINITIALIZED_AUTOS = YES_AGGRESSIVE;
				GCC_WARN_UNUSED_FUNCTION = YES;
				GCC_WARN_UNUSED_VARIABLE = YES;
				IPHONEOS_DEPLOYMENT_TARGET = 18.0;
				LOCALIZATION_PREFERS_STRING_CATALOGS = YES;
				MTL_ENABLE_DEBUG_INFO = NO;
				MTL_FAST_MATH = YES;
				SDKROOT = iphoneos;
				SWIFT_COMPILATION_MODE = wholemodule;
				VALIDATE_PRODUCT = YES;
			};
			name = Release;
		};
		2BEF53942CC8DEA7009C7BB0 /* Debug */ = {
			isa = XCBuildConfiguration;
			buildSettings = {
				ASSETCATALOG_COMPILER_APPICON_NAME = AppIcon;
				ASSETCATALOG_COMPILER_GLOBAL_ACCENT_COLOR_NAME = AccentColor;
				CODE_SIGN_STYLE = Automatic;
				CURRENT_PROJECT_VERSION = 1;
				DEVELOPMENT_ASSET_PATHS = "\"ThoothBrushing/Preview Content\"";
				DEVELOPMENT_TEAM = 9N245B334X;
				ENABLE_PREVIEWS = YES;
				GENERATE_INFOPLIST_FILE = YES;
				INFOPLIST_KEY_UIApplicationSceneManifest_Generation = YES;
				INFOPLIST_KEY_UIApplicationSupportsIndirectInputEvents = YES;
				INFOPLIST_KEY_UILaunchScreen_Generation = YES;
				INFOPLIST_KEY_UISupportedInterfaceOrientations_iPad = "UIInterfaceOrientationPortrait UIInterfaceOrientationPortraitUpsideDown UIInterfaceOrientationLandscapeLeft UIInterfaceOrientationLandscapeRight";
				INFOPLIST_KEY_UISupportedInterfaceOrientations_iPhone = "UIInterfaceOrientationPortrait UIInterfaceOrientationLandscapeLeft UIInterfaceOrientationLandscapeRight";
				LD_RUNPATH_SEARCH_PATHS = (
					"$(inherited)",
					"@executable_path/Frameworks",
				);
				MARKETING_VERSION = 1.0;
				PRODUCT_BUNDLE_IDENTIFIER = com.seymenelmas.ThoothBrushing;
				PRODUCT_NAME = "$(TARGET_NAME)";
				SWIFT_EMIT_LOC_STRINGS = YES;
				SWIFT_VERSION = 5.0;
				TARGETED_DEVICE_FAMILY = "1,2";
			};
			name = Debug;
		};
		2BEF53952CC8DEA7009C7BB0 /* Release */ = {
			isa = XCBuildConfiguration;
			buildSettings = {
				ASSETCATALOG_COMPILER_APPICON_NAME = AppIcon;
				ASSETCATALOG_COMPILER_GLOBAL_ACCENT_COLOR_NAME = AccentColor;
				CODE_SIGN_STYLE = Automatic;
				CURRENT_PROJECT_VERSION = 1;
				DEVELOPMENT_ASSET_PATHS = "\"ThoothBrushing/Preview Content\"";
				DEVELOPMENT_TEAM = 9N245B334X;
				ENABLE_PREVIEWS = YES;
				GENERATE_INFOPLIST_FILE = YES;
				INFOPLIST_KEY_UIApplicationSceneManifest_Generation = YES;
				INFOPLIST_KEY_UIApplicationSupportsIndirectInputEvents = YES;
				INFOPLIST_KEY_UILaunchScreen_Generation = YES;
				INFOPLIST_KEY_UISupportedInterfaceOrientations_iPad = "UIInterfaceOrientationPortrait UIInterfaceOrientationPortraitUpsideDown UIInterfaceOrientationLandscapeLeft UIInterfaceOrientationLandscapeRight";
				INFOPLIST_KEY_UISupportedInterfaceOrientations_iPhone = "UIInterfaceOrientationPortrait UIInterfaceOrientationLandscapeLeft UIInterfaceOrientationLandscapeRight";
				LD_RUNPATH_SEARCH_PATHS = (
					"$(inherited)",
					"@executable_path/Frameworks",
				);
				MARKETING_VERSION = 1.0;
				PRODUCT_BUNDLE_IDENTIFIER = com.seymenelmas.ThoothBrushing;
				PRODUCT_NAME = "$(TARGET_NAME)";
				SWIFT_EMIT_LOC_STRINGS = YES;
				SWIFT_VERSION = 5.0;
				TARGETED_DEVICE_FAMILY = "1,2";
			};
			name = Release;
		};
/* End XCBuildConfiguration section */

/* Begin XCConfigurationList section */
		2BEF53802CC8DEA5009C7BB0 /* Build configuration list for PBXProject "ThoothBrushing" */ = {
			isa = XCConfigurationList;
			buildConfigurations = (
				2BEF53912CC8DEA7009C7BB0 /* Debug */,
				2BEF53922CC8DEA7009C7BB0 /* Release */,
			);
			defaultConfigurationIsVisible = 0;
			defaultConfigurationName = Release;
		};
		2BEF53932CC8DEA7009C7BB0 /* Build configuration list for PBXNativeTarget "ThoothBrushing" */ = {
			isa = XCConfigurationList;
			buildConfigurations = (
				2BEF53942CC8DEA7009C7BB0 /* Debug */,
				2BEF53952CC8DEA7009C7BB0 /* Release */,
			);
			defaultConfigurationIsVisible = 0;
			defaultConfigurationName = Release;
		};
/* End XCConfigurationList section */

/* Begin XCRemoteSwiftPackageReference section */
		2BEF53A62CCFB16A009C7BB0 /* XCRemoteSwiftPackageReference "firebase-ios-sdk" */ = {
			isa = XCRemoteSwiftPackageReference;
			repositoryURL = "https://github.com/firebase/firebase-ios-sdk.git";
			requirement = {
				kind = upToNextMajorVersion;
				minimumVersion = 11.4.0;
			};
		};
/* End XCRemoteSwiftPackageReference section */

/* Begin XCSwiftPackageProductDependency section */
		2BEF53A72CCFB16A009C7BB0 /* FirebaseAnalytics */ = {
			isa = XCSwiftPackageProductDependency;
			package = 2BEF53A62CCFB16A009C7BB0 /* XCRemoteSwiftPackageReference "firebase-ios-sdk" */;
			productName = FirebaseAnalytics;
		};
		2BEF53A92CCFB16A009C7BB0 /* FirebaseAnalyticsOnDeviceConversion */ = {
			isa = XCSwiftPackageProductDependency;
			package = 2BEF53A62CCFB16A009C7BB0 /* XCRemoteSwiftPackageReference "firebase-ios-sdk" */;
			productName = FirebaseAnalyticsOnDeviceConversion;
		};
		2BEF53AB2CCFB16A009C7BB0 /* FirebaseAnalyticsWithoutAdIdSupport */ = {
			isa = XCSwiftPackageProductDependency;
			package = 2BEF53A62CCFB16A009C7BB0 /* XCRemoteSwiftPackageReference "firebase-ios-sdk" */;
			productName = FirebaseAnalyticsWithoutAdIdSupport;
		};
		2BEF53AD2CCFB16A009C7BB0 /* FirebaseAppCheck */ = {
			isa = XCSwiftPackageProductDependency;
			package = 2BEF53A62CCFB16A009C7BB0 /* XCRemoteSwiftPackageReference "firebase-ios-sdk" */;
			productName = FirebaseAppCheck;
		};
		2BEF53AF2CCFB16A009C7BB0 /* FirebaseAppDistribution-Beta */ = {
			isa = XCSwiftPackageProductDependency;
			package = 2BEF53A62CCFB16A009C7BB0 /* XCRemoteSwiftPackageReference "firebase-ios-sdk" */;
			productName = "FirebaseAppDistribution-Beta";
		};
		2BEF53B12CCFB16A009C7BB0 /* FirebaseAuth */ = {
			isa = XCSwiftPackageProductDependency;
			package = 2BEF53A62CCFB16A009C7BB0 /* XCRemoteSwiftPackageReference "firebase-ios-sdk" */;
			productName = FirebaseAuth;
		};
		2BEF53B32CCFB16A009C7BB0 /* FirebaseAuthCombine-Community */ = {
			isa = XCSwiftPackageProductDependency;
			package = 2BEF53A62CCFB16A009C7BB0 /* XCRemoteSwiftPackageReference "firebase-ios-sdk" */;
			productName = "FirebaseAuthCombine-Community";
		};
		2BEF53B52CCFB16A009C7BB0 /* FirebaseCore */ = {
			isa = XCSwiftPackageProductDependency;
			package = 2BEF53A62CCFB16A009C7BB0 /* XCRemoteSwiftPackageReference "firebase-ios-sdk" */;
			productName = FirebaseCore;
		};
		2BEF53B72CCFB16A009C7BB0 /* FirebaseCrashlytics */ = {
			isa = XCSwiftPackageProductDependency;
			package = 2BEF53A62CCFB16A009C7BB0 /* XCRemoteSwiftPackageReference "firebase-ios-sdk" */;
			productName = FirebaseCrashlytics;
		};
		2BEF53B92CCFB16A009C7BB0 /* FirebaseDatabase */ = {
			isa = XCSwiftPackageProductDependency;
			package = 2BEF53A62CCFB16A009C7BB0 /* XCRemoteSwiftPackageReference "firebase-ios-sdk" */;
			productName = FirebaseDatabase;
		};
		2BEF53BB2CCFB16A009C7BB0 /* FirebaseDynamicLinks */ = {
			isa = XCSwiftPackageProductDependency;
			package = 2BEF53A62CCFB16A009C7BB0 /* XCRemoteSwiftPackageReference "firebase-ios-sdk" */;
			productName = FirebaseDynamicLinks;
		};
		2BEF53BD2CCFB16A009C7BB0 /* FirebaseFirestore */ = {
			isa = XCSwiftPackageProductDependency;
			package = 2BEF53A62CCFB16A009C7BB0 /* XCRemoteSwiftPackageReference "firebase-ios-sdk" */;
			productName = FirebaseFirestore;
		};
		2BEF53BF2CCFB16A009C7BB0 /* FirebaseFirestoreCombine-Community */ = {
			isa = XCSwiftPackageProductDependency;
			package = 2BEF53A62CCFB16A009C7BB0 /* XCRemoteSwiftPackageReference "firebase-ios-sdk" */;
			productName = "FirebaseFirestoreCombine-Community";
		};
		2BEF53C12CCFB16A009C7BB0 /* FirebaseFunctions */ = {
			isa = XCSwiftPackageProductDependency;
			package = 2BEF53A62CCFB16A009C7BB0 /* XCRemoteSwiftPackageReference "firebase-ios-sdk" */;
			productName = FirebaseFunctions;
		};
		2BEF53C32CCFB16A009C7BB0 /* FirebaseFunctionsCombine-Community */ = {
			isa = XCSwiftPackageProductDependency;
			package = 2BEF53A62CCFB16A009C7BB0 /* XCRemoteSwiftPackageReference "firebase-ios-sdk" */;
			productName = "FirebaseFunctionsCombine-Community";
		};
		2BEF53C52CCFB16A009C7BB0 /* FirebaseInAppMessaging-Beta */ = {
			isa = XCSwiftPackageProductDependency;
			package = 2BEF53A62CCFB16A009C7BB0 /* XCRemoteSwiftPackageReference "firebase-ios-sdk" */;
			productName = "FirebaseInAppMessaging-Beta";
		};
		2BEF53C72CCFB16A009C7BB0 /* FirebaseInstallations */ = {
			isa = XCSwiftPackageProductDependency;
			package = 2BEF53A62CCFB16A009C7BB0 /* XCRemoteSwiftPackageReference "firebase-ios-sdk" */;
			productName = FirebaseInstallations;
		};
/* End XCSwiftPackageProductDependency section */
	};
	rootObject = 2BEF537D2CC8DEA5009C7BB0 /* Project object */;
}
